// !$*UTF8*$!
{
	archiveVersion = 1;
	classes = {
	};
	objectVersion = 50;
	objects = {

/* Begin PBXBuildFile section */
		5DD1D29F20AA665700AC409B /* calendar.framework in Frameworks */ = {isa = PBXBuildFile; fileRef = 5DD1D29520AA665600AC409B /* calendar.framework */; };
		5DD1D2A420AA665700AC409B /* calendarTests.swift in Sources */ = {isa = PBXBuildFile; fileRef = 5DD1D2A320AA665700AC409B /* calendarTests.swift */; };
		5DD1D2A620AA665700AC409B /* calendar.h in Headers */ = {isa = PBXBuildFile; fileRef = 5DD1D29820AA665600AC409B /* calendar.h */; settings = {ATTRIBUTES = (Public, ); }; };
		5DD1D2B720AA670D00AC409B /* WWCalendarTimeSelector.storyboard in Resources */ = {isa = PBXBuildFile; fileRef = 5DD1D2AF20AA670B00AC409B /* WWCalendarTimeSelector.storyboard */; };
		5DD1D2B820AA670D00AC409B /* String+Timepiece.swift in Sources */ = {isa = PBXBuildFile; fileRef = 5DD1D2B020AA670C00AC409B /* String+Timepiece.swift */; };
		5DD1D2B920AA670D00AC409B /* NSDateComponents+Timepiece.swift in Sources */ = {isa = PBXBuildFile; fileRef = 5DD1D2B120AA670C00AC409B /* NSDateComponents+Timepiece.swift */; };
		5DD1D2BA20AA670D00AC409B /* NSCalendar+Timepiece.swift in Sources */ = {isa = PBXBuildFile; fileRef = 5DD1D2B220AA670C00AC409B /* NSCalendar+Timepiece.swift */; };
		5DD1D2BB20AA670D00AC409B /* NSDate+Timepiece.swift in Sources */ = {isa = PBXBuildFile; fileRef = 5DD1D2B320AA670C00AC409B /* NSDate+Timepiece.swift */; };
		5DD1D2BC20AA670D00AC409B /* Int+Timepiece.swift in Sources */ = {isa = PBXBuildFile; fileRef = 5DD1D2B420AA670C00AC409B /* Int+Timepiece.swift */; };
		5DD1D2BD20AA670D00AC409B /* Duration.swift in Sources */ = {isa = PBXBuildFile; fileRef = 5DD1D2B520AA670D00AC409B /* Duration.swift */; };
		5DD1D2BE20AA670D00AC409B /* WWCalendarTimeSelector.swift in Sources */ = {isa = PBXBuildFile; fileRef = 5DD1D2B620AA670D00AC409B /* WWCalendarTimeSelector.swift */; };
/* End PBXBuildFile section */

/* Begin PBXContainerItemProxy section */
		5DD1D2A020AA665700AC409B /* PBXContainerItemProxy */ = {
			isa = PBXContainerItemProxy;
			containerPortal = 5DD1D28C20AA665600AC409B /* Project object */;
			proxyType = 1;
			remoteGlobalIDString = 5DD1D29420AA665600AC409B;
			remoteInfo = calendar;
		};
/* End PBXContainerItemProxy section */

/* Begin PBXFileReference section */
		5DD1D29520AA665600AC409B /* calendar.framework */ = {isa = PBXFileReference; explicitFileType = wrapper.framework; includeInIndex = 0; path = calendar.framework; sourceTree = BUILT_PRODUCTS_DIR; };
		5DD1D29820AA665600AC409B /* calendar.h */ = {isa = PBXFileReference; lastKnownFileType = sourcecode.c.h; path = calendar.h; sourceTree = "<group>"; };
		5DD1D29920AA665600AC409B /* Info.plist */ = {isa = PBXFileReference; lastKnownFileType = text.plist.xml; path = Info.plist; sourceTree = "<group>"; };
		5DD1D29E20AA665700AC409B /* calendarTests.xctest */ = {isa = PBXFileReference; explicitFileType = wrapper.cfbundle; includeInIndex = 0; path = calendarTests.xctest; sourceTree = BUILT_PRODUCTS_DIR; };
		5DD1D2A320AA665700AC409B /* calendarTests.swift */ = {isa = PBXFileReference; lastKnownFileType = sourcecode.swift; path = calendarTests.swift; sourceTree = "<group>"; };
		5DD1D2A520AA665700AC409B /* Info.plist */ = {isa = PBXFileReference; lastKnownFileType = text.plist.xml; path = Info.plist; sourceTree = "<group>"; };
		5DD1D2AF20AA670B00AC409B /* WWCalendarTimeSelector.storyboard */ = {isa = PBXFileReference; fileEncoding = 4; lastKnownFileType = file.storyboard; path = WWCalendarTimeSelector.storyboard; sourceTree = "<group>"; };
		5DD1D2B020AA670C00AC409B /* String+Timepiece.swift */ = {isa = PBXFileReference; fileEncoding = 4; lastKnownFileType = sourcecode.swift; path = "String+Timepiece.swift"; sourceTree = "<group>"; };
		5DD1D2B120AA670C00AC409B /* NSDateComponents+Timepiece.swift */ = {isa = PBXFileReference; fileEncoding = 4; lastKnownFileType = sourcecode.swift; path = "NSDateComponents+Timepiece.swift"; sourceTree = "<group>"; };
		5DD1D2B220AA670C00AC409B /* NSCalendar+Timepiece.swift */ = {isa = PBXFileReference; fileEncoding = 4; lastKnownFileType = sourcecode.swift; path = "NSCalendar+Timepiece.swift"; sourceTree = "<group>"; };
		5DD1D2B320AA670C00AC409B /* NSDate+Timepiece.swift */ = {isa = PBXFileReference; fileEncoding = 4; lastKnownFileType = sourcecode.swift; path = "NSDate+Timepiece.swift"; sourceTree = "<group>"; };
		5DD1D2B420AA670C00AC409B /* Int+Timepiece.swift */ = {isa = PBXFileReference; fileEncoding = 4; lastKnownFileType = sourcecode.swift; path = "Int+Timepiece.swift"; sourceTree = "<group>"; };
		5DD1D2B520AA670D00AC409B /* Duration.swift */ = {isa = PBXFileReference; fileEncoding = 4; lastKnownFileType = sourcecode.swift; path = Duration.swift; sourceTree = "<group>"; };
		5DD1D2B620AA670D00AC409B /* WWCalendarTimeSelector.swift */ = {isa = PBXFileReference; fileEncoding = 4; lastKnownFileType = sourcecode.swift; path = WWCalendarTimeSelector.swift; sourceTree = "<group>"; };
/* End PBXFileReference section */

/* Begin PBXFrameworksBuildPhase section */
		5DD1D29120AA665600AC409B /* Frameworks */ = {
			isa = PBXFrameworksBuildPhase;
			buildActionMask = 2147483647;
			files = (
			);
			runOnlyForDeploymentPostprocessing = 0;
		};
		5DD1D29B20AA665700AC409B /* Frameworks */ = {
			isa = PBXFrameworksBuildPhase;
			buildActionMask = 2147483647;
			files = (
				5DD1D29F20AA665700AC409B /* calendar.framework in Frameworks */,
			);
			runOnlyForDeploymentPostprocessing = 0;
		};
/* End PBXFrameworksBuildPhase section */

/* Begin PBXGroup section */
		5DD1D28B20AA665600AC409B = {
			isa = PBXGroup;
			children = (
				5DD1D29720AA665600AC409B /* calendar */,
				5DD1D2A220AA665700AC409B /* calendarTests */,
				5DD1D29620AA665600AC409B /* Products */,
			);
			sourceTree = "<group>";
		};
		5DD1D29620AA665600AC409B /* Products */ = {
			isa = PBXGroup;
			children = (
				5DD1D29520AA665600AC409B /* calendar.framework */,
				5DD1D29E20AA665700AC409B /* calendarTests.xctest */,
			);
			name = Products;
			sourceTree = "<group>";
		};
		5DD1D29720AA665600AC409B /* calendar */ = {
			isa = PBXGroup;
			children = (
				5DD1D2B520AA670D00AC409B /* Duration.swift */,
				5DD1D2B420AA670C00AC409B /* Int+Timepiece.swift */,
				5DD1D2B220AA670C00AC409B /* NSCalendar+Timepiece.swift */,
				5DD1D2B320AA670C00AC409B /* NSDate+Timepiece.swift */,
				5DD1D2B120AA670C00AC409B /* NSDateComponents+Timepiece.swift */,
				5DD1D2B020AA670C00AC409B /* String+Timepiece.swift */,
				5DD1D2AF20AA670B00AC409B /* WWCalendarTimeSelector.storyboard */,
				5DD1D2B620AA670D00AC409B /* WWCalendarTimeSelector.swift */,
				5DD1D29820AA665600AC409B /* calendar.h */,
				5DD1D29920AA665600AC409B /* Info.plist */,
			);
			path = calendar;
			sourceTree = "<group>";
		};
		5DD1D2A220AA665700AC409B /* calendarTests */ = {
			isa = PBXGroup;
			children = (
				5DD1D2A320AA665700AC409B /* calendarTests.swift */,
				5DD1D2A520AA665700AC409B /* Info.plist */,
			);
			path = calendarTests;
			sourceTree = "<group>";
		};
/* End PBXGroup section */

/* Begin PBXHeadersBuildPhase section */
		5DD1D29220AA665600AC409B /* Headers */ = {
			isa = PBXHeadersBuildPhase;
			buildActionMask = 2147483647;
			files = (
				5DD1D2A620AA665700AC409B /* calendar.h in Headers */,
			);
			runOnlyForDeploymentPostprocessing = 0;
		};
/* End PBXHeadersBuildPhase section */

/* Begin PBXNativeTarget section */
		5DD1D29420AA665600AC409B /* calendar */ = {
			isa = PBXNativeTarget;
			buildConfigurationList = 5DD1D2A920AA665700AC409B /* Build configuration list for PBXNativeTarget "calendar" */;
			buildPhases = (
				5DD1D29020AA665600AC409B /* Sources */,
				5DD1D29120AA665600AC409B /* Frameworks */,
				5DD1D29220AA665600AC409B /* Headers */,
				5DD1D29320AA665600AC409B /* Resources */,
			);
			buildRules = (
			);
			dependencies = (
			);
			name = calendar;
			productName = calendar;
			productReference = 5DD1D29520AA665600AC409B /* calendar.framework */;
			productType = "com.apple.product-type.framework";
		};
		5DD1D29D20AA665700AC409B /* calendarTests */ = {
			isa = PBXNativeTarget;
			buildConfigurationList = 5DD1D2AC20AA665700AC409B /* Build configuration list for PBXNativeTarget "calendarTests" */;
			buildPhases = (
				5DD1D29A20AA665700AC409B /* Sources */,
				5DD1D29B20AA665700AC409B /* Frameworks */,
				5DD1D29C20AA665700AC409B /* Resources */,
			);
			buildRules = (
			);
			dependencies = (
				5DD1D2A120AA665700AC409B /* PBXTargetDependency */,
			);
			name = calendarTests;
			productName = calendarTests;
			productReference = 5DD1D29E20AA665700AC409B /* calendarTests.xctest */;
			productType = "com.apple.product-type.bundle.unit-test";
		};
/* End PBXNativeTarget section */

/* Begin PBXProject section */
		5DD1D28C20AA665600AC409B /* Project object */ = {
			isa = PBXProject;
			attributes = {
				LastSwiftUpdateCheck = 0930;
				LastUpgradeCheck = 0930;
				ORGANIZATIONNAME = UnchartedRealms;
				TargetAttributes = {
					5DD1D29420AA665600AC409B = {
						CreatedOnToolsVersion = 9.3;
						LastSwiftMigration = 0930;
					};
					5DD1D29D20AA665700AC409B = {
						CreatedOnToolsVersion = 9.3;
					};
				};
			};
			buildConfigurationList = 5DD1D28F20AA665600AC409B /* Build configuration list for PBXProject "calendar" */;
			compatibilityVersion = "Xcode 9.3";
			developmentRegion = en;
			hasScannedForEncodings = 0;
			knownRegions = (
				en,
			);
			mainGroup = 5DD1D28B20AA665600AC409B;
			productRefGroup = 5DD1D29620AA665600AC409B /* Products */;
			projectDirPath = "";
			projectRoot = "";
			targets = (
				5DD1D29420AA665600AC409B /* calendar */,
				5DD1D29D20AA665700AC409B /* calendarTests */,
			);
		};
/* End PBXProject section */

/* Begin PBXResourcesBuildPhase section */
		5DD1D29320AA665600AC409B /* Resources */ = {
			isa = PBXResourcesBuildPhase;
			buildActionMask = 2147483647;
			files = (
				5DD1D2B720AA670D00AC409B /* WWCalendarTimeSelector.storyboard in Resources */,
			);
			runOnlyForDeploymentPostprocessing = 0;
		};
		5DD1D29C20AA665700AC409B /* Resources */ = {
			isa = PBXResourcesBuildPhase;
			buildActionMask = 2147483647;
			files = (
			);
			runOnlyForDeploymentPostprocessing = 0;
		};
/* End PBXResourcesBuildPhase section */

/* Begin PBXSourcesBuildPhase section */
		5DD1D29020AA665600AC409B /* Sources */ = {
			isa = PBXSourcesBuildPhase;
			buildActionMask = 2147483647;
			files = (
				5DD1D2BB20AA670D00AC409B /* NSDate+Timepiece.swift in Sources */,
				5DD1D2B920AA670D00AC409B /* NSDateComponents+Timepiece.swift in Sources */,
				5DD1D2BE20AA670D00AC409B /* WWCalendarTimeSelector.swift in Sources */,
				5DD1D2B820AA670D00AC409B /* String+Timepiece.swift in Sources */,
				5DD1D2BD20AA670D00AC409B /* Duration.swift in Sources */,
				5DD1D2BC20AA670D00AC409B /* Int+Timepiece.swift in Sources */,
				5DD1D2BA20AA670D00AC409B /* NSCalendar+Timepiece.swift in Sources */,
			);
			runOnlyForDeploymentPostprocessing = 0;
		};
		5DD1D29A20AA665700AC409B /* Sources */ = {
			isa = PBXSourcesBuildPhase;
			buildActionMask = 2147483647;
			files = (
				5DD1D2A420AA665700AC409B /* calendarTests.swift in Sources */,
			);
			runOnlyForDeploymentPostprocessing = 0;
		};
/* End PBXSourcesBuildPhase section */

/* Begin PBXTargetDependency section */
		5DD1D2A120AA665700AC409B /* PBXTargetDependency */ = {
			isa = PBXTargetDependency;
			target = 5DD1D29420AA665600AC409B /* calendar */;
			targetProxy = 5DD1D2A020AA665700AC409B /* PBXContainerItemProxy */;
		};
/* End PBXTargetDependency section */

/* Begin XCBuildConfiguration section */
		5DD1D2A720AA665700AC409B /* Debug */ = {
			isa = XCBuildConfiguration;
			buildSettings = {
				ALWAYS_SEARCH_USER_PATHS = NO;
				CLANG_ANALYZER_NONNULL = YES;
				CLANG_ANALYZER_NUMBER_OBJECT_CONVERSION = YES_AGGRESSIVE;
				CLANG_CXX_LANGUAGE_STANDARD = "gnu++14";
				CLANG_CXX_LIBRARY = "libc++";
				CLANG_ENABLE_MODULES = YES;
				CLANG_ENABLE_OBJC_ARC = YES;
				CLANG_ENABLE_OBJC_WEAK = YES;
				CLANG_WARN_BLOCK_CAPTURE_AUTORELEASING = YES;
				CLANG_WARN_BOOL_CONVERSION = YES;
				CLANG_WARN_COMMA = YES;
				CLANG_WARN_CONSTANT_CONVERSION = YES;
				CLANG_WARN_DEPRECATED_OBJC_IMPLEMENTATIONS = YES;
				CLANG_WARN_DIRECT_OBJC_ISA_USAGE = YES_ERROR;
				CLANG_WARN_DOCUMENTATION_COMMENTS = YES;
				CLANG_WARN_EMPTY_BODY = YES;
				CLANG_WARN_ENUM_CONVERSION = YES;
				CLANG_WARN_INFINITE_RECURSION = YES;
				CLANG_WARN_INT_CONVERSION = YES;
				CLANG_WARN_NON_LITERAL_NULL_CONVERSION = YES;
				CLANG_WARN_OBJC_IMPLICIT_RETAIN_SELF = YES;
				CLANG_WARN_OBJC_LITERAL_CONVERSION = YES;
				CLANG_WARN_OBJC_ROOT_CLASS = YES_ERROR;
				CLANG_WARN_RANGE_LOOP_ANALYSIS = YES;
				CLANG_WARN_STRICT_PROTOTYPES = YES;
				CLANG_WARN_SUSPICIOUS_MOVE = YES;
				CLANG_WARN_UNGUARDED_AVAILABILITY = YES_AGGRESSIVE;
				CLANG_WARN_UNREACHABLE_CODE = YES;
				CLANG_WARN__DUPLICATE_METHOD_MATCH = YES;
				CODE_SIGN_IDENTITY = "iPhone Developer";
				COPY_PHASE_STRIP = NO;
				CURRENT_PROJECT_VERSION = 1;
				DEBUG_INFORMATION_FORMAT = dwarf;
				ENABLE_STRICT_OBJC_MSGSEND = YES;
				ENABLE_TESTABILITY = YES;
				GCC_C_LANGUAGE_STANDARD = gnu11;
				GCC_DYNAMIC_NO_PIC = NO;
				GCC_NO_COMMON_BLOCKS = YES;
				GCC_OPTIMIZATION_LEVEL = 0;
				GCC_PREPROCESSOR_DEFINITIONS = (
					"DEBUG=1",
					"$(inherited)",
				);
				GCC_WARN_64_TO_32_BIT_CONVERSION = YES;
				GCC_WARN_ABOUT_RETURN_TYPE = YES_ERROR;
				GCC_WARN_UNDECLARED_SELECTOR = YES;
				GCC_WARN_UNINITIALIZED_AUTOS = YES_AGGRESSIVE;
				GCC_WARN_UNUSED_FUNCTION = YES;
				GCC_WARN_UNUSED_VARIABLE = YES;
				IPHONEOS_DEPLOYMENT_TARGET = 11.3;
				MTL_ENABLE_DEBUG_INFO = YES;
				ONLY_ACTIVE_ARCH = YES;
				SDKROOT = iphoneos;
				SWIFT_ACTIVE_COMPILATION_CONDITIONS = DEBUG;
				SWIFT_OPTIMIZATION_LEVEL = "-Onone";
				VERSIONING_SYSTEM = "apple-generic";
				VERSION_INFO_PREFIX = "";
			};
			name = Debug;
		};
		5DD1D2A820AA665700AC409B /* Release */ = {
			isa = XCBuildConfiguration;
			buildSettings = {
				ALWAYS_SEARCH_USER_PATHS = NO;
				CLANG_ANALYZER_NONNULL = YES;
				CLANG_ANALYZER_NUMBER_OBJECT_CONVERSION = YES_AGGRESSIVE;
				CLANG_CXX_LANGUAGE_STANDARD = "gnu++14";
				CLANG_CXX_LIBRARY = "libc++";
				CLANG_ENABLE_MODULES = YES;
				CLANG_ENABLE_OBJC_ARC = YES;
				CLANG_ENABLE_OBJC_WEAK = YES;
				CLANG_WARN_BLOCK_CAPTURE_AUTORELEASING = YES;
				CLANG_WARN_BOOL_CONVERSION = YES;
				CLANG_WARN_COMMA = YES;
				CLANG_WARN_CONSTANT_CONVERSION = YES;
				CLANG_WARN_DEPRECATED_OBJC_IMPLEMENTATIONS = YES;
				CLANG_WARN_DIRECT_OBJC_ISA_USAGE = YES_ERROR;
				CLANG_WARN_DOCUMENTATION_COMMENTS = YES;
				CLANG_WARN_EMPTY_BODY = YES;
				CLANG_WARN_ENUM_CONVERSION = YES;
				CLANG_WARN_INFINITE_RECURSION = YES;
				CLANG_WARN_INT_CONVERSION = YES;
				CLANG_WARN_NON_LITERAL_NULL_CONVERSION = YES;
				CLANG_WARN_OBJC_IMPLICIT_RETAIN_SELF = YES;
				CLANG_WARN_OBJC_LITERAL_CONVERSION = YES;
				CLANG_WARN_OBJC_ROOT_CLASS = YES_ERROR;
				CLANG_WARN_RANGE_LOOP_ANALYSIS = YES;
				CLANG_WARN_STRICT_PROTOTYPES = YES;
				CLANG_WARN_SUSPICIOUS_MOVE = YES;
				CLANG_WARN_UNGUARDED_AVAILABILITY = YES_AGGRESSIVE;
				CLANG_WARN_UNREACHABLE_CODE = YES;
				CLANG_WARN__DUPLICATE_METHOD_MATCH = YES;
				CODE_SIGN_IDENTITY = "iPhone Developer";
				COPY_PHASE_STRIP = NO;
				CURRENT_PROJECT_VERSION = 1;
				DEBUG_INFORMATION_FORMAT = "dwarf-with-dsym";
				ENABLE_NS_ASSERTIONS = NO;
				ENABLE_STRICT_OBJC_MSGSEND = YES;
				GCC_C_LANGUAGE_STANDARD = gnu11;
				GCC_NO_COMMON_BLOCKS = YES;
				GCC_WARN_64_TO_32_BIT_CONVERSION = YES;
				GCC_WARN_ABOUT_RETURN_TYPE = YES_ERROR;
				GCC_WARN_UNDECLARED_SELECTOR = YES;
				GCC_WARN_UNINITIALIZED_AUTOS = YES_AGGRESSIVE;
				GCC_WARN_UNUSED_FUNCTION = YES;
				GCC_WARN_UNUSED_VARIABLE = YES;
				IPHONEOS_DEPLOYMENT_TARGET = 11.3;
				MTL_ENABLE_DEBUG_INFO = NO;
				SDKROOT = iphoneos;
				SWIFT_COMPILATION_MODE = wholemodule;
				SWIFT_OPTIMIZATION_LEVEL = "-O";
				VALIDATE_PRODUCT = YES;
				VERSIONING_SYSTEM = "apple-generic";
				VERSION_INFO_PREFIX = "";
			};
			name = Release;
		};
		5DD1D2AA20AA665700AC409B /* Debug */ = {
			isa = XCBuildConfiguration;
			buildSettings = {
				CLANG_ENABLE_MODULES = YES;
				CODE_SIGN_IDENTITY = "";
				CODE_SIGN_STYLE = Automatic;
				DEFINES_MODULE = YES;
				DEVELOPMENT_TEAM = Q88G84ZPPX;
				DYLIB_COMPATIBILITY_VERSION = 1;
				DYLIB_CURRENT_VERSION = 1;
				DYLIB_INSTALL_NAME_BASE = "@rpath";
				INFOPLIST_FILE = calendar/Info.plist;
				INSTALL_PATH = "$(LOCAL_LIBRARY_DIR)/Frameworks";
				IPHONEOS_DEPLOYMENT_TARGET = 10.0;
				LD_RUNPATH_SEARCH_PATHS = (
					"$(inherited)",
					"@executable_path/Frameworks",
					"@loader_path/Frameworks",
				);
				PRODUCT_BUNDLE_IDENTIFIER = io.unchartedrealms.calendar;
				PRODUCT_NAME = "$(TARGET_NAME:c99extidentifier)";
				SKIP_INSTALL = YES;
				SWIFT_OPTIMIZATION_LEVEL = "-Onone";
				SWIFT_VERSION = 4.0;
				TARGETED_DEVICE_FAMILY = "1,2";
			};
			name = Debug;
		};
		5DD1D2AB20AA665700AC409B /* Release */ = {
			isa = XCBuildConfiguration;
			buildSettings = {
				CLANG_ENABLE_MODULES = YES;
				CODE_SIGN_IDENTITY = "";
				CODE_SIGN_STYLE = Automatic;
				DEFINES_MODULE = YES;
				DEVELOPMENT_TEAM = Q88G84ZPPX;
				DYLIB_COMPATIBILITY_VERSION = 1;
				DYLIB_CURRENT_VERSION = 1;
				DYLIB_INSTALL_NAME_BASE = "@rpath";
				INFOPLIST_FILE = calendar/Info.plist;
				INSTALL_PATH = "$(LOCAL_LIBRARY_DIR)/Frameworks";
				IPHONEOS_DEPLOYMENT_TARGET = 10.0;
				LD_RUNPATH_SEARCH_PATHS = (
					"$(inherited)",
					"@executable_path/Frameworks",
					"@loader_path/Frameworks",
				);
				PRODUCT_BUNDLE_IDENTIFIER = io.unchartedrealms.calendar;
				PRODUCT_NAME = "$(TARGET_NAME:c99extidentifier)";
				SKIP_INSTALL = YES;
				SWIFT_VERSION = 4.0;
				TARGETED_DEVICE_FAMILY = "1,2";
			};
			name = Release;
		};
		5DD1D2AD20AA665700AC409B /* Debug */ = {
			isa = XCBuildConfiguration;
			buildSettings = {
				ALWAYS_EMBED_SWIFT_STANDARD_LIBRARIES = YES;
				CODE_SIGN_STYLE = Automatic;
				DEVELOPMENT_TEAM = Q88G84ZPPX;
				INFOPLIST_FILE = calendarTests/Info.plist;
				LD_RUNPATH_SEARCH_PATHS = (
					"$(inherited)",
					"@executable_path/Frameworks",
					"@loader_path/Frameworks",
				);
				PRODUCT_BUNDLE_IDENTIFIER = io.unchartedrealms.calendarTests;
				PRODUCT_NAME = "$(TARGET_NAME)";
				SWIFT_VERSION = 4.0;
				TARGETED_DEVICE_FAMILY = "1,2";
			};
			name = Debug;
		};
		5DD1D2AE20AA665700AC409B /* Release */ = {
			isa = XCBuildConfiguration;
			buildSettings = {
				ALWAYS_EMBED_SWIFT_STANDARD_LIBRARIES = YES;
				CODE_SIGN_STYLE = Automatic;
				DEVELOPMENT_TEAM = Q88G84ZPPX;
				INFOPLIST_FILE = calendarTests/Info.plist;
				LD_RUNPATH_SEARCH_PATHS = (
					"$(inherited)",
					"@executable_path/Frameworks",
					"@loader_path/Frameworks",
				);
				PRODUCT_BUNDLE_IDENTIFIER = io.unchartedrealms.calendarTests;
				PRODUCT_NAME = "$(TARGET_NAME)";
				SWIFT_VERSION = 4.0;
				TARGETED_DEVICE_FAMILY = "1,2";
			};
			name = Release;
		};
/* End XCBuildConfiguration section */

/* Begin XCConfigurationList section */
		5DD1D28F20AA665600AC409B /* Build configuration list for PBXProject "calendar" */ = {
			isa = XCConfigurationList;
			buildConfigurations = (
				5DD1D2A720AA665700AC409B /* Debug */,
				5DD1D2A820AA665700AC409B /* Release */,
			);
			defaultConfigurationIsVisible = 0;
			defaultConfigurationName = Release;
		};
		5DD1D2A920AA665700AC409B /* Build configuration list for PBXNativeTarget "calendar" */ = {
			isa = XCConfigurationList;
			buildConfigurations = (
				5DD1D2AA20AA665700AC409B /* Debug */,
				5DD1D2AB20AA665700AC409B /* Release */,
			);
			defaultConfigurationIsVisible = 0;
			defaultConfigurationName = Release;
		};
		5DD1D2AC20AA665700AC409B /* Build configuration list for PBXNativeTarget "calendarTests" */ = {
			isa = XCConfigurationList;
			buildConfigurations = (
				5DD1D2AD20AA665700AC409B /* Debug */,
				5DD1D2AE20AA665700AC409B /* Release */,
			);
			defaultConfigurationIsVisible = 0;
			defaultConfigurationName = Release;
		};
/* End XCConfigurationList section */
	};
	rootObject = 5DD1D28C20AA665600AC409B /* Project object */;
}
